// !$*UTF8*$!
{
	archiveVersion = 1;
	classes = {
	};
	objectVersion = 56;
	objects = {

/* Begin PBXBuildFile section */
		C12DD7DC2B013B8D0072B9BF /* BooksViewController.swift in Sources */ = {isa = PBXBuildFile; fileRef = C12DD7DB2B013B8D0072B9BF /* BooksViewController.swift */; };
		C130714F2AF937B0000C5041 /* CommonFunctions.swift in Sources */ = {isa = PBXBuildFile; fileRef = C130714E2AF937B0000C5041 /* CommonFunctions.swift */; };
		C13071512AF94A76000C5041 /* DatabaseFunctions.swift in Sources */ = {isa = PBXBuildFile; fileRef = C13071502AF94A76000C5041 /* DatabaseFunctions.swift */; };
		C164830C2AD847BA00A0E4CA /* AddBookViewController.swift in Sources */ = {isa = PBXBuildFile; fileRef = C164830B2AD847BA00A0E4CA /* AddBookViewController.swift */; };
		C19908F42AD7268E00CFD56C /* AppDelegate.swift in Sources */ = {isa = PBXBuildFile; fileRef = C19908F32AD7268E00CFD56C /* AppDelegate.swift */; };
		C19908F62AD7268E00CFD56C /* SceneDelegate.swift in Sources */ = {isa = PBXBuildFile; fileRef = C19908F52AD7268E00CFD56C /* SceneDelegate.swift */; };
		C19908F82AD7268E00CFD56C /* ViewController.swift in Sources */ = {isa = PBXBuildFile; fileRef = C19908F72AD7268E00CFD56C /* ViewController.swift */; };
		C19908FB2AD7268E00CFD56C /* Main.storyboard in Resources */ = {isa = PBXBuildFile; fileRef = C19908F92AD7268E00CFD56C /* Main.storyboard */; };
		C19908FE2AD7268E00CFD56C /* MyLibrary.xcdatamodeld in Sources */ = {isa = PBXBuildFile; fileRef = C19908FC2AD7268E00CFD56C /* MyLibrary.xcdatamodeld */; };
		C19909002AD7268F00CFD56C /* Assets.xcassets in Resources */ = {isa = PBXBuildFile; fileRef = C19908FF2AD7268F00CFD56C /* Assets.xcassets */; };
		C19909032AD7268F00CFD56C /* LaunchScreen.storyboard in Resources */ = {isa = PBXBuildFile; fileRef = C19909012AD7268F00CFD56C /* LaunchScreen.storyboard */; };
		C199090F2AD7268F00CFD56C /* MyLibraryTests.swift in Sources */ = {isa = PBXBuildFile; fileRef = C199090E2AD7268F00CFD56C /* MyLibraryTests.swift */; };
		C19909192AD7268F00CFD56C /* MyLibraryUITests.swift in Sources */ = {isa = PBXBuildFile; fileRef = C19909182AD7268F00CFD56C /* MyLibraryUITests.swift */; };
		C199091B2AD7268F00CFD56C /* MyLibraryUITestsLaunchTests.swift in Sources */ = {isa = PBXBuildFile; fileRef = C199091A2AD7268F00CFD56C /* MyLibraryUITestsLaunchTests.swift */; };
		C1F1BEBE2B1A2C380039D81B /* SearchBookViewController.swift in Sources */ = {isa = PBXBuildFile; fileRef = C1F1BEBD2B1A2C380039D81B /* SearchBookViewController.swift */; };
/* End PBXBuildFile section */

/* Begin PBXContainerItemProxy section */
		C199090B2AD7268F00CFD56C /* PBXContainerItemProxy */ = {
			isa = PBXContainerItemProxy;
			containerPortal = C19908E82AD7268E00CFD56C /* Project object */;
			proxyType = 1;
			remoteGlobalIDString = C19908EF2AD7268E00CFD56C;
			remoteInfo = MyLibrary;
		};
		C19909152AD7268F00CFD56C /* PBXContainerItemProxy */ = {
			isa = PBXContainerItemProxy;
			containerPortal = C19908E82AD7268E00CFD56C /* Project object */;
			proxyType = 1;
			remoteGlobalIDString = C19908EF2AD7268E00CFD56C;
			remoteInfo = MyLibrary;
		};
/* End PBXContainerItemProxy section */

/* Begin PBXFileReference section */
		C12DD7DB2B013B8D0072B9BF /* BooksViewController.swift */ = {isa = PBXFileReference; lastKnownFileType = sourcecode.swift; path = BooksViewController.swift; sourceTree = "<group>"; };
		C130714E2AF937B0000C5041 /* CommonFunctions.swift */ = {isa = PBXFileReference; lastKnownFileType = sourcecode.swift; path = CommonFunctions.swift; sourceTree = "<group>"; };
		C13071502AF94A76000C5041 /* DatabaseFunctions.swift */ = {isa = PBXFileReference; lastKnownFileType = sourcecode.swift; path = DatabaseFunctions.swift; sourceTree = "<group>"; };
		C164830B2AD847BA00A0E4CA /* AddBookViewController.swift */ = {isa = PBXFileReference; lastKnownFileType = sourcecode.swift; path = AddBookViewController.swift; sourceTree = "<group>"; };
		C19908F02AD7268E00CFD56C /* MyLibrary.app */ = {isa = PBXFileReference; explicitFileType = wrapper.application; includeInIndex = 0; path = MyLibrary.app; sourceTree = BUILT_PRODUCTS_DIR; };
		C19908F32AD7268E00CFD56C /* AppDelegate.swift */ = {isa = PBXFileReference; lastKnownFileType = sourcecode.swift; path = AppDelegate.swift; sourceTree = "<group>"; };
		C19908F52AD7268E00CFD56C /* SceneDelegate.swift */ = {isa = PBXFileReference; lastKnownFileType = sourcecode.swift; path = SceneDelegate.swift; sourceTree = "<group>"; };
		C19908F72AD7268E00CFD56C /* ViewController.swift */ = {isa = PBXFileReference; lastKnownFileType = sourcecode.swift; path = ViewController.swift; sourceTree = "<group>"; };
		C19908FA2AD7268E00CFD56C /* Base */ = {isa = PBXFileReference; lastKnownFileType = file.storyboard; name = Base; path = Base.lproj/Main.storyboard; sourceTree = "<group>"; };
		C19908FD2AD7268E00CFD56C /* MyLibrary.xcdatamodel */ = {isa = PBXFileReference; lastKnownFileType = wrapper.xcdatamodel; path = MyLibrary.xcdatamodel; sourceTree = "<group>"; };
		C19908FF2AD7268F00CFD56C /* Assets.xcassets */ = {isa = PBXFileReference; lastKnownFileType = folder.assetcatalog; path = Assets.xcassets; sourceTree = "<group>"; };
		C19909022AD7268F00CFD56C /* Base */ = {isa = PBXFileReference; lastKnownFileType = file.storyboard; name = Base; path = Base.lproj/LaunchScreen.storyboard; sourceTree = "<group>"; };
		C19909042AD7268F00CFD56C /* MyLibrary.entitlements */ = {isa = PBXFileReference; lastKnownFileType = text.plist.entitlements; path = MyLibrary.entitlements; sourceTree = "<group>"; };
		C19909052AD7268F00CFD56C /* Info.plist */ = {isa = PBXFileReference; lastKnownFileType = text.plist.xml; path = Info.plist; sourceTree = "<group>"; };
		C199090A2AD7268F00CFD56C /* MyLibraryTests.xctest */ = {isa = PBXFileReference; explicitFileType = wrapper.cfbundle; includeInIndex = 0; path = MyLibraryTests.xctest; sourceTree = BUILT_PRODUCTS_DIR; };
		C199090E2AD7268F00CFD56C /* MyLibraryTests.swift */ = {isa = PBXFileReference; lastKnownFileType = sourcecode.swift; path = MyLibraryTests.swift; sourceTree = "<group>"; };
		C19909142AD7268F00CFD56C /* MyLibraryUITests.xctest */ = {isa = PBXFileReference; explicitFileType = wrapper.cfbundle; includeInIndex = 0; path = MyLibraryUITests.xctest; sourceTree = BUILT_PRODUCTS_DIR; };
		C19909182AD7268F00CFD56C /* MyLibraryUITests.swift */ = {isa = PBXFileReference; lastKnownFileType = sourcecode.swift; path = MyLibraryUITests.swift; sourceTree = "<group>"; };
		C199091A2AD7268F00CFD56C /* MyLibraryUITestsLaunchTests.swift */ = {isa = PBXFileReference; lastKnownFileType = sourcecode.swift; path = MyLibraryUITestsLaunchTests.swift; sourceTree = "<group>"; };
		C1F1BEBD2B1A2C380039D81B /* SearchBookViewController.swift */ = {isa = PBXFileReference; lastKnownFileType = sourcecode.swift; path = SearchBookViewController.swift; sourceTree = "<group>"; };
/* End PBXFileReference section */

/* Begin PBXFrameworksBuildPhase section */
		C19908ED2AD7268E00CFD56C /* Frameworks */ = {
			isa = PBXFrameworksBuildPhase;
			buildActionMask = 2147483647;
			files = (
			);
			runOnlyForDeploymentPostprocessing = 0;
		};
		C19909072AD7268F00CFD56C /* Frameworks */ = {
			isa = PBXFrameworksBuildPhase;
			buildActionMask = 2147483647;
			files = (
			);
			runOnlyForDeploymentPostprocessing = 0;
		};
		C19909112AD7268F00CFD56C /* Frameworks */ = {
			isa = PBXFrameworksBuildPhase;
			buildActionMask = 2147483647;
			files = (
			);
			runOnlyForDeploymentPostprocessing = 0;
		};
/* End PBXFrameworksBuildPhase section */

/* Begin PBXGroup section */
		C19908E72AD7268E00CFD56C = {
			isa = PBXGroup;
			children = (
				C19908F22AD7268E00CFD56C /* MyLibrary */,
				C199090D2AD7268F00CFD56C /* MyLibraryTests */,
				C19909172AD7268F00CFD56C /* MyLibraryUITests */,
				C19908F12AD7268E00CFD56C /* Products */,
			);
			sourceTree = "<group>";
		};
		C19908F12AD7268E00CFD56C /* Products */ = {
			isa = PBXGroup;
			children = (
				C19908F02AD7268E00CFD56C /* MyLibrary.app */,
				C199090A2AD7268F00CFD56C /* MyLibraryTests.xctest */,
				C19909142AD7268F00CFD56C /* MyLibraryUITests.xctest */,
			);
			name = Products;
			sourceTree = "<group>";
		};
		C19908F22AD7268E00CFD56C /* MyLibrary */ = {
			isa = PBXGroup;
			children = (
				C19908F32AD7268E00CFD56C /* AppDelegate.swift */,
				C19908F52AD7268E00CFD56C /* SceneDelegate.swift */,
				C19908F72AD7268E00CFD56C /* ViewController.swift */,
				C164830B2AD847BA00A0E4CA /* AddBookViewController.swift */,
				C12DD7DB2B013B8D0072B9BF /* BooksViewController.swift */,
				C1F1BEBD2B1A2C380039D81B /* SearchBookViewController.swift */,
				C13071502AF94A76000C5041 /* DatabaseFunctions.swift */,
				C130714E2AF937B0000C5041 /* CommonFunctions.swift */,
				C19908F92AD7268E00CFD56C /* Main.storyboard */,
				C19908FF2AD7268F00CFD56C /* Assets.xcassets */,
				C19909012AD7268F00CFD56C /* LaunchScreen.storyboard */,
				C19909042AD7268F00CFD56C /* MyLibrary.entitlements */,
				C19909052AD7268F00CFD56C /* Info.plist */,
				C19908FC2AD7268E00CFD56C /* MyLibrary.xcdatamodeld */,
			);
			path = MyLibrary;
			sourceTree = "<group>";
		};
		C199090D2AD7268F00CFD56C /* MyLibraryTests */ = {
			isa = PBXGroup;
			children = (
				C199090E2AD7268F00CFD56C /* MyLibraryTests.swift */,
			);
			path = MyLibraryTests;
			sourceTree = "<group>";
		};
		C19909172AD7268F00CFD56C /* MyLibraryUITests */ = {
			isa = PBXGroup;
			children = (
				C19909182AD7268F00CFD56C /* MyLibraryUITests.swift */,
				C199091A2AD7268F00CFD56C /* MyLibraryUITestsLaunchTests.swift */,
			);
			path = MyLibraryUITests;
			sourceTree = "<group>";
		};
/* End PBXGroup section */

/* Begin PBXNativeTarget section */
		C19908EF2AD7268E00CFD56C /* MyLibrary */ = {
			isa = PBXNativeTarget;
			buildConfigurationList = C199091E2AD7268F00CFD56C /* Build configuration list for PBXNativeTarget "MyLibrary" */;
			buildPhases = (
				C19908EC2AD7268E00CFD56C /* Sources */,
				C19908ED2AD7268E00CFD56C /* Frameworks */,
				C19908EE2AD7268E00CFD56C /* Resources */,
			);
			buildRules = (
			);
			dependencies = (
			);
			name = MyLibrary;
			productName = MyLibrary;
			productReference = C19908F02AD7268E00CFD56C /* MyLibrary.app */;
			productType = "com.apple.product-type.application";
		};
		C19909092AD7268F00CFD56C /* MyLibraryTests */ = {
			isa = PBXNativeTarget;
			buildConfigurationList = C19909212AD7268F00CFD56C /* Build configuration list for PBXNativeTarget "MyLibraryTests" */;
			buildPhases = (
				C19909062AD7268F00CFD56C /* Sources */,
				C19909072AD7268F00CFD56C /* Frameworks */,
				C19909082AD7268F00CFD56C /* Resources */,
			);
			buildRules = (
			);
			dependencies = (
				C199090C2AD7268F00CFD56C /* PBXTargetDependency */,
			);
			name = MyLibraryTests;
			productName = MyLibraryTests;
			productReference = C199090A2AD7268F00CFD56C /* MyLibraryTests.xctest */;
			productType = "com.apple.product-type.bundle.unit-test";
		};
		C19909132AD7268F00CFD56C /* MyLibraryUITests */ = {
			isa = PBXNativeTarget;
			buildConfigurationList = C19909242AD7268F00CFD56C /* Build configuration list for PBXNativeTarget "MyLibraryUITests" */;
			buildPhases = (
				C19909102AD7268F00CFD56C /* Sources */,
				C19909112AD7268F00CFD56C /* Frameworks */,
				C19909122AD7268F00CFD56C /* Resources */,
			);
			buildRules = (
			);
			dependencies = (
				C19909162AD7268F00CFD56C /* PBXTargetDependency */,
			);
			name = MyLibraryUITests;
			productName = MyLibraryUITests;
			productReference = C19909142AD7268F00CFD56C /* MyLibraryUITests.xctest */;
			productType = "com.apple.product-type.bundle.ui-testing";
		};
/* End PBXNativeTarget section */

/* Begin PBXProject section */
		C19908E82AD7268E00CFD56C /* Project object */ = {
			isa = PBXProject;
			attributes = {
				BuildIndependentTargetsInParallel = 1;
				LastSwiftUpdateCheck = 1500;
				LastUpgradeCheck = 1500;
				TargetAttributes = {
					C19908EF2AD7268E00CFD56C = {
						CreatedOnToolsVersion = 15.0;
					};
					C19909092AD7268F00CFD56C = {
						CreatedOnToolsVersion = 15.0;
						TestTargetID = C19908EF2AD7268E00CFD56C;
					};
					C19909132AD7268F00CFD56C = {
						CreatedOnToolsVersion = 15.0;
						TestTargetID = C19908EF2AD7268E00CFD56C;
					};
				};
			};
			buildConfigurationList = C19908EB2AD7268E00CFD56C /* Build configuration list for PBXProject "MyLibrary" */;
			compatibilityVersion = "Xcode 14.0";
			developmentRegion = en;
			hasScannedForEncodings = 0;
			knownRegions = (
				en,
				Base,
			);
			mainGroup = C19908E72AD7268E00CFD56C;
			productRefGroup = C19908F12AD7268E00CFD56C /* Products */;
			projectDirPath = "";
			projectRoot = "";
			targets = (
				C19908EF2AD7268E00CFD56C /* MyLibrary */,
				C19909092AD7268F00CFD56C /* MyLibraryTests */,
				C19909132AD7268F00CFD56C /* MyLibraryUITests */,
			);
		};
/* End PBXProject section */

/* Begin PBXResourcesBuildPhase section */
		C19908EE2AD7268E00CFD56C /* Resources */ = {
			isa = PBXResourcesBuildPhase;
			buildActionMask = 2147483647;
			files = (
				C19909032AD7268F00CFD56C /* LaunchScreen.storyboard in Resources */,
				C19909002AD7268F00CFD56C /* Assets.xcassets in Resources */,
				C19908FB2AD7268E00CFD56C /* Main.storyboard in Resources */,
			);
			runOnlyForDeploymentPostprocessing = 0;
		};
		C19909082AD7268F00CFD56C /* Resources */ = {
			isa = PBXResourcesBuildPhase;
			buildActionMask = 2147483647;
			files = (
			);
			runOnlyForDeploymentPostprocessing = 0;
		};
		C19909122AD7268F00CFD56C /* Resources */ = {
			isa = PBXResourcesBuildPhase;
			buildActionMask = 2147483647;
			files = (
			);
			runOnlyForDeploymentPostprocessing = 0;
		};
/* End PBXResourcesBuildPhase section */

/* Begin PBXSourcesBuildPhase section */
		C19908EC2AD7268E00CFD56C /* Sources */ = {
			isa = PBXSourcesBuildPhase;
			buildActionMask = 2147483647;
			files = (
				C13071512AF94A76000C5041 /* DatabaseFunctions.swift in Sources */,
				C12DD7DC2B013B8D0072B9BF /* BooksViewController.swift in Sources */,
				C1F1BEBE2B1A2C380039D81B /* SearchBookViewController.swift in Sources */,
				C130714F2AF937B0000C5041 /* CommonFunctions.swift in Sources */,
				C19908F82AD7268E00CFD56C /* ViewController.swift in Sources */,
				C164830C2AD847BA00A0E4CA /* AddBookViewController.swift in Sources */,
				C19908FE2AD7268E00CFD56C /* MyLibrary.xcdatamodeld in Sources */,
				C19908F42AD7268E00CFD56C /* AppDelegate.swift in Sources */,
				C19908F62AD7268E00CFD56C /* SceneDelegate.swift in Sources */,
			);
			runOnlyForDeploymentPostprocessing = 0;
		};
		C19909062AD7268F00CFD56C /* Sources */ = {
			isa = PBXSourcesBuildPhase;
			buildActionMask = 2147483647;
			files = (
				C199090F2AD7268F00CFD56C /* MyLibraryTests.swift in Sources */,
			);
			runOnlyForDeploymentPostprocessing = 0;
		};
		C19909102AD7268F00CFD56C /* Sources */ = {
			isa = PBXSourcesBuildPhase;
			buildActionMask = 2147483647;
			files = (
				C199091B2AD7268F00CFD56C /* MyLibraryUITestsLaunchTests.swift in Sources */,
				C19909192AD7268F00CFD56C /* MyLibraryUITests.swift in Sources */,
			);
			runOnlyForDeploymentPostprocessing = 0;
		};
/* End PBXSourcesBuildPhase section */

/* Begin PBXTargetDependency section */
		C199090C2AD7268F00CFD56C /* PBXTargetDependency */ = {
			isa = PBXTargetDependency;
			target = C19908EF2AD7268E00CFD56C /* MyLibrary */;
			targetProxy = C199090B2AD7268F00CFD56C /* PBXContainerItemProxy */;
		};
		C19909162AD7268F00CFD56C /* PBXTargetDependency */ = {
			isa = PBXTargetDependency;
			target = C19908EF2AD7268E00CFD56C /* MyLibrary */;
			targetProxy = C19909152AD7268F00CFD56C /* PBXContainerItemProxy */;
		};
/* End PBXTargetDependency section */

/* Begin PBXVariantGroup section */
		C19908F92AD7268E00CFD56C /* Main.storyboard */ = {
			isa = PBXVariantGroup;
			children = (
				C19908FA2AD7268E00CFD56C /* Base */,
			);
			name = Main.storyboard;
			sourceTree = "<group>";
		};
		C19909012AD7268F00CFD56C /* LaunchScreen.storyboard */ = {
			isa = PBXVariantGroup;
			children = (
				C19909022AD7268F00CFD56C /* Base */,
			);
			name = LaunchScreen.storyboard;
			sourceTree = "<group>";
		};
/* End PBXVariantGroup section */

/* Begin XCBuildConfiguration section */
		C199091C2AD7268F00CFD56C /* Debug */ = {
			isa = XCBuildConfiguration;
			buildSettings = {
				ALWAYS_SEARCH_USER_PATHS = NO;
				ASSETCATALOG_COMPILER_GENERATE_SWIFT_ASSET_SYMBOL_EXTENSIONS = YES;
				CLANG_ANALYZER_NONNULL = YES;
				CLANG_ANALYZER_NUMBER_OBJECT_CONVERSION = YES_AGGRESSIVE;
				CLANG_CXX_LANGUAGE_STANDARD = "gnu++20";
				CLANG_ENABLE_MODULES = YES;
				CLANG_ENABLE_OBJC_ARC = YES;
				CLANG_ENABLE_OBJC_WEAK = YES;
				CLANG_WARN_BLOCK_CAPTURE_AUTORELEASING = YES;
				CLANG_WARN_BOOL_CONVERSION = YES;
				CLANG_WARN_COMMA = YES;
				CLANG_WARN_CONSTANT_CONVERSION = YES;
				CLANG_WARN_DEPRECATED_OBJC_IMPLEMENTATIONS = YES;
				CLANG_WARN_DIRECT_OBJC_ISA_USAGE = YES_ERROR;
				CLANG_WARN_DOCUMENTATION_COMMENTS = YES;
				CLANG_WARN_EMPTY_BODY = YES;
				CLANG_WARN_ENUM_CONVERSION = YES;
				CLANG_WARN_INFINITE_RECURSION = YES;
				CLANG_WARN_INT_CONVERSION = YES;
				CLANG_WARN_NON_LITERAL_NULL_CONVERSION = YES;
				CLANG_WARN_OBJC_IMPLICIT_RETAIN_SELF = YES;
				CLANG_WARN_OBJC_LITERAL_CONVERSION = YES;
				CLANG_WARN_OBJC_ROOT_CLASS = YES_ERROR;
				CLANG_WARN_QUOTED_INCLUDE_IN_FRAMEWORK_HEADER = YES;
				CLANG_WARN_RANGE_LOOP_ANALYSIS = YES;
				CLANG_WARN_STRICT_PROTOTYPES = YES;
				CLANG_WARN_SUSPICIOUS_MOVE = YES;
				CLANG_WARN_UNGUARDED_AVAILABILITY = YES_AGGRESSIVE;
				CLANG_WARN_UNREACHABLE_CODE = YES;
				CLANG_WARN__DUPLICATE_METHOD_MATCH = YES;
				COPY_PHASE_STRIP = NO;
				DEBUG_INFORMATION_FORMAT = dwarf;
				ENABLE_STRICT_OBJC_MSGSEND = YES;
				ENABLE_TESTABILITY = YES;
				ENABLE_USER_SCRIPT_SANDBOXING = YES;
				GCC_C_LANGUAGE_STANDARD = gnu17;
				GCC_DYNAMIC_NO_PIC = NO;
				GCC_NO_COMMON_BLOCKS = YES;
				GCC_OPTIMIZATION_LEVEL = 0;
				GCC_PREPROCESSOR_DEFINITIONS = (
					"DEBUG=1",
					"$(inherited)",
				);
				GCC_WARN_64_TO_32_BIT_CONVERSION = YES;
				GCC_WARN_ABOUT_RETURN_TYPE = YES_ERROR;
				GCC_WARN_UNDECLARED_SELECTOR = YES;
				GCC_WARN_UNINITIALIZED_AUTOS = YES_AGGRESSIVE;
				GCC_WARN_UNUSED_FUNCTION = YES;
				GCC_WARN_UNUSED_VARIABLE = YES;
				IPHONEOS_DEPLOYMENT_TARGET = 17.0;
				LOCALIZATION_PREFERS_STRING_CATALOGS = YES;
				MTL_ENABLE_DEBUG_INFO = INCLUDE_SOURCE;
				MTL_FAST_MATH = YES;
				ONLY_ACTIVE_ARCH = YES;
				SDKROOT = iphoneos;
				SWIFT_ACTIVE_COMPILATION_CONDITIONS = "DEBUG $(inherited)";
				SWIFT_OPTIMIZATION_LEVEL = "-Onone";
			};
			name = Debug;
		};
		C199091D2AD7268F00CFD56C /* Release */ = {
			isa = XCBuildConfiguration;
			buildSettings = {
				ALWAYS_SEARCH_USER_PATHS = NO;
				ASSETCATALOG_COMPILER_GENERATE_SWIFT_ASSET_SYMBOL_EXTENSIONS = YES;
				CLANG_ANALYZER_NONNULL = YES;
				CLANG_ANALYZER_NUMBER_OBJECT_CONVERSION = YES_AGGRESSIVE;
				CLANG_CXX_LANGUAGE_STANDARD = "gnu++20";
				CLANG_ENABLE_MODULES = YES;
				CLANG_ENABLE_OBJC_ARC = YES;
				CLANG_ENABLE_OBJC_WEAK = YES;
				CLANG_WARN_BLOCK_CAPTURE_AUTORELEASING = YES;
				CLANG_WARN_BOOL_CONVERSION = YES;
				CLANG_WARN_COMMA = YES;
				CLANG_WARN_CONSTANT_CONVERSION = YES;
				CLANG_WARN_DEPRECATED_OBJC_IMPLEMENTATIONS = YES;
				CLANG_WARN_DIRECT_OBJC_ISA_USAGE = YES_ERROR;
				CLANG_WARN_DOCUMENTATION_COMMENTS = YES;
				CLANG_WARN_EMPTY_BODY = YES;
				CLANG_WARN_ENUM_CONVERSION = YES;
				CLANG_WARN_INFINITE_RECURSION = YES;
				CLANG_WARN_INT_CONVERSION = YES;
				CLANG_WARN_NON_LITERAL_NULL_CONVERSION = YES;
				CLANG_WARN_OBJC_IMPLICIT_RETAIN_SELF = YES;
				CLANG_WARN_OBJC_LITERAL_CONVERSION = YES;
				CLANG_WARN_OBJC_ROOT_CLASS = YES_ERROR;
				CLANG_WARN_QUOTED_INCLUDE_IN_FRAMEWORK_HEADER = YES;
				CLANG_WARN_RANGE_LOOP_ANALYSIS = YES;
				CLANG_WARN_STRICT_PROTOTYPES = YES;
				CLANG_WARN_SUSPICIOUS_MOVE = YES;
				CLANG_WARN_UNGUARDED_AVAILABILITY = YES_AGGRESSIVE;
				CLANG_WARN_UNREACHABLE_CODE = YES;
				CLANG_WARN__DUPLICATE_METHOD_MATCH = YES;
				COPY_PHASE_STRIP = NO;
				DEBUG_INFORMATION_FORMAT = "dwarf-with-dsym";
				ENABLE_NS_ASSERTIONS = NO;
				ENABLE_STRICT_OBJC_MSGSEND = YES;
				ENABLE_USER_SCRIPT_SANDBOXING = YES;
				GCC_C_LANGUAGE_STANDARD = gnu17;
				GCC_NO_COMMON_BLOCKS = YES;
				GCC_WARN_64_TO_32_BIT_CONVERSION = YES;
				GCC_WARN_ABOUT_RETURN_TYPE = YES_ERROR;
				GCC_WARN_UNDECLARED_SELECTOR = YES;
				GCC_WARN_UNINITIALIZED_AUTOS = YES_AGGRESSIVE;
				GCC_WARN_UNUSED_FUNCTION = YES;
				GCC_WARN_UNUSED_VARIABLE = YES;
				IPHONEOS_DEPLOYMENT_TARGET = 17.0;
				LOCALIZATION_PREFERS_STRING_CATALOGS = YES;
				MTL_ENABLE_DEBUG_INFO = NO;
				MTL_FAST_MATH = YES;
				SDKROOT = iphoneos;
				SWIFT_COMPILATION_MODE = wholemodule;
				VALIDATE_PRODUCT = YES;
			};
			name = Release;
		};
		C199091F2AD7268F00CFD56C /* Debug */ = {
			isa = XCBuildConfiguration;
			buildSettings = {
				ASSETCATALOG_COMPILER_APPICON_NAME = AppIcon;
				ASSETCATALOG_COMPILER_GLOBAL_ACCENT_COLOR_NAME = AccentColor;
				CODE_SIGN_ENTITLEMENTS = MyLibrary/MyLibrary.entitlements;
				CODE_SIGN_STYLE = Automatic;
				CURRENT_PROJECT_VERSION = 1;
				DEVELOPMENT_TEAM = M6RSUA6A9T;
				GENERATE_INFOPLIST_FILE = YES;
				INFOPLIST_FILE = MyLibrary/Info.plist;
				INFOPLIST_KEY_UIApplicationSupportsIndirectInputEvents = YES;
				INFOPLIST_KEY_UILaunchStoryboardName = LaunchScreen;
				INFOPLIST_KEY_UIMainStoryboardFile = Main;
				INFOPLIST_KEY_UISupportedInterfaceOrientations_iPad = "UIInterfaceOrientationPortrait UIInterfaceOrientationPortraitUpsideDown UIInterfaceOrientationLandscapeLeft UIInterfaceOrientationLandscapeRight";
				INFOPLIST_KEY_UISupportedInterfaceOrientations_iPhone = "UIInterfaceOrientationPortrait UIInterfaceOrientationLandscapeLeft UIInterfaceOrientationLandscapeRight";
				LD_RUNPATH_SEARCH_PATHS = (
					"$(inherited)",
					"@executable_path/Frameworks",
				);
				MARKETING_VERSION = 1.0;
				PRODUCT_BUNDLE_IDENTIFIER = me.gurbanova.julia.MyLibrary;
				PRODUCT_NAME = "$(TARGET_NAME)";
				SWIFT_EMIT_LOC_STRINGS = YES;
				SWIFT_VERSION = 5.0;
				TARGETED_DEVICE_FAMILY = "1,2";
			};
			name = Debug;
		};
		C19909202AD7268F00CFD56C /* Release */ = {
			isa = XCBuildConfiguration;
			buildSettings = {
				ASSETCATALOG_COMPILER_APPICON_NAME = AppIcon;
				ASSETCATALOG_COMPILER_GLOBAL_ACCENT_COLOR_NAME = AccentColor;
				CODE_SIGN_ENTITLEMENTS = MyLibrary/MyLibrary.entitlements;
				CODE_SIGN_STYLE = Automatic;
				CURRENT_PROJECT_VERSION = 1;
				DEVELOPMENT_TEAM = M6RSUA6A9T;
				GENERATE_INFOPLIST_FILE = YES;
				INFOPLIST_FILE = MyLibrary/Info.plist;
				INFOPLIST_KEY_UIApplicationSupportsIndirectInputEvents = YES;
				INFOPLIST_KEY_UILaunchStoryboardName = LaunchScreen;
				INFOPLIST_KEY_UIMainStoryboardFile = Main;
				INFOPLIST_KEY_UISupportedInterfaceOrientations_iPad = "UIInterfaceOrientationPortrait UIInterfaceOrientationPortraitUpsideDown UIInterfaceOrientationLandscapeLeft UIInterfaceOrientationLandscapeRight";
				INFOPLIST_KEY_UISupportedInterfaceOrientations_iPhone = "UIInterfaceOrientationPortrait UIInterfaceOrientationLandscapeLeft UIInterfaceOrientationLandscapeRight";
				LD_RUNPATH_SEARCH_PATHS = (
					"$(inherited)",
					"@executable_path/Frameworks",
				);
				MARKETING_VERSION = 1.0;
				PRODUCT_BUNDLE_IDENTIFIER = me.gurbanova.julia.MyLibrary;
				PRODUCT_NAME = "$(TARGET_NAME)";
				SWIFT_EMIT_LOC_STRINGS = YES;
				SWIFT_VERSION = 5.0;
				TARGETED_DEVICE_FAMILY = "1,2";
			};
			name = Release;
		};
		C19909222AD7268F00CFD56C /* Debug */ = {
			isa = XCBuildConfiguration;
			buildSettings = {
				ALWAYS_EMBED_SWIFT_STANDARD_LIBRARIES = YES;
				BUNDLE_LOADER = "$(TEST_HOST)";
				CODE_SIGN_STYLE = Automatic;
				CURRENT_PROJECT_VERSION = 1;
				DEVELOPMENT_TEAM = M6RSUA6A9T;
				GENERATE_INFOPLIST_FILE = YES;
				IPHONEOS_DEPLOYMENT_TARGET = 17.0;
				MARKETING_VERSION = 1.0;
				PRODUCT_BUNDLE_IDENTIFIER = me.gurbanova.julia.MyLibraryTests;
				PRODUCT_NAME = "$(TARGET_NAME)";
				SWIFT_EMIT_LOC_STRINGS = NO;
				SWIFT_VERSION = 5.0;
				TARGETED_DEVICE_FAMILY = "1,2";
				TEST_HOST = "$(BUILT_PRODUCTS_DIR)/MyLibrary.app/$(BUNDLE_EXECUTABLE_FOLDER_PATH)/MyLibrary";
			};
			name = Debug;
		};
		C19909232AD7268F00CFD56C /* Release */ = {
			isa = XCBuildConfiguration;
			buildSettings = {
				ALWAYS_EMBED_SWIFT_STANDARD_LIBRARIES = YES;
				BUNDLE_LOADER = "$(TEST_HOST)";
				CODE_SIGN_STYLE = Automatic;
				CURRENT_PROJECT_VERSION = 1;
				DEVELOPMENT_TEAM = M6RSUA6A9T;
				GENERATE_INFOPLIST_FILE = YES;
				IPHONEOS_DEPLOYMENT_TARGET = 17.0;
				MARKETING_VERSION = 1.0;
				PRODUCT_BUNDLE_IDENTIFIER = me.gurbanova.julia.MyLibraryTests;
				PRODUCT_NAME = "$(TARGET_NAME)";
				SWIFT_EMIT_LOC_STRINGS = NO;
				SWIFT_VERSION = 5.0;
				TARGETED_DEVICE_FAMILY = "1,2";
				TEST_HOST = "$(BUILT_PRODUCTS_DIR)/MyLibrary.app/$(BUNDLE_EXECUTABLE_FOLDER_PATH)/MyLibrary";
			};
			name = Release;
		};
		C19909252AD7268F00CFD56C /* Debug */ = {
			isa = XCBuildConfiguration;
			buildSettings = {
				ALWAYS_EMBED_SWIFT_STANDARD_LIBRARIES = YES;
				CODE_SIGN_STYLE = Automatic;
				CURRENT_PROJECT_VERSION = 1;
				DEVELOPMENT_TEAM = M6RSUA6A9T;
				GENERATE_INFOPLIST_FILE = YES;
				MARKETING_VERSION = 1.0;
				PRODUCT_BUNDLE_IDENTIFIER = me.gurbanova.julia.MyLibraryUITests;
				PRODUCT_NAME = "$(TARGET_NAME)";
				SWIFT_EMIT_LOC_STRINGS = NO;
				SWIFT_VERSION = 5.0;
				TARGETED_DEVICE_FAMILY = "1,2";
				TEST_TARGET_NAME = MyLibrary;
			};
			name = Debug;
		};
		C19909262AD7268F00CFD56C /* Release */ = {
			isa = XCBuildConfiguration;
			buildSettings = {
				ALWAYS_EMBED_SWIFT_STANDARD_LIBRARIES = YES;
				CODE_SIGN_STYLE = Automatic;
				CURRENT_PROJECT_VERSION = 1;
				DEVELOPMENT_TEAM = M6RSUA6A9T;
				GENERATE_INFOPLIST_FILE = YES;
				MARKETING_VERSION = 1.0;
				PRODUCT_BUNDLE_IDENTIFIER = me.gurbanova.julia.MyLibraryUITests;
				PRODUCT_NAME = "$(TARGET_NAME)";
				SWIFT_EMIT_LOC_STRINGS = NO;
				SWIFT_VERSION = 5.0;
				TARGETED_DEVICE_FAMILY = "1,2";
				TEST_TARGET_NAME = MyLibrary;
			};
			name = Release;
		};
/* End XCBuildConfiguration section */

/* Begin XCConfigurationList section */
		C19908EB2AD7268E00CFD56C /* Build configuration list for PBXProject "MyLibrary" */ = {
			isa = XCConfigurationList;
			buildConfigurations = (
				C199091C2AD7268F00CFD56C /* Debug */,
				C199091D2AD7268F00CFD56C /* Release */,
			);
			defaultConfigurationIsVisible = 0;
			defaultConfigurationName = Release;
		};
		C199091E2AD7268F00CFD56C /* Build configuration list for PBXNativeTarget "MyLibrary" */ = {
			isa = XCConfigurationList;
			buildConfigurations = (
				C199091F2AD7268F00CFD56C /* Debug */,
				C19909202AD7268F00CFD56C /* Release */,
			);
			defaultConfigurationIsVisible = 0;
			defaultConfigurationName = Release;
		};
		C19909212AD7268F00CFD56C /* Build configuration list for PBXNativeTarget "MyLibraryTests" */ = {
			isa = XCConfigurationList;
			buildConfigurations = (
				C19909222AD7268F00CFD56C /* Debug */,
				C19909232AD7268F00CFD56C /* Release */,
			);
			defaultConfigurationIsVisible = 0;
			defaultConfigurationName = Release;
		};
		C19909242AD7268F00CFD56C /* Build configuration list for PBXNativeTarget "MyLibraryUITests" */ = {
			isa = XCConfigurationList;
			buildConfigurations = (
				C19909252AD7268F00CFD56C /* Debug */,
				C19909262AD7268F00CFD56C /* Release */,
			);
			defaultConfigurationIsVisible = 0;
			defaultConfigurationName = Release;
		};
/* End XCConfigurationList section */

/* Begin XCVersionGroup section */
		C19908FC2AD7268E00CFD56C /* MyLibrary.xcdatamodeld */ = {
			isa = XCVersionGroup;
			children = (
				C19908FD2AD7268E00CFD56C /* MyLibrary.xcdatamodel */,
			);
			currentVersion = C19908FD2AD7268E00CFD56C /* MyLibrary.xcdatamodel */;
			path = MyLibrary.xcdatamodeld;
			sourceTree = "<group>";
			versionGroupType = wrapper.xcdatamodel;
		};
/* End XCVersionGroup section */
	};
	rootObject = C19908E82AD7268E00CFD56C /* Project object */;
}
